{
  "adrs": {},
  "landmarks": {
    "format-authority": {
      "file": "src/lib.rs",
      "line": 12,
      "node": "src"
    },
    "queue-definition": {
      "file": "src/verbs/dream.rs",
      "line": 340,
      "node": "src"
    },
    "resume-is-not-an-ending": {
      "file": "src/cli.rs",
      "line": 239,
      "node": "src"
    }
  },
  "nodes": {
    "/": {
      "budget": null,
      "claims": [
        {
          "anchor": "lm:format-authority",
          "enforced_by": null,
          "id": "format-authority",
          "kind": "invariant",
          "resolved": "src/lib.rs:12",
          "text": "single format authority — every bank write goes through this crate's commit path; every consumer uses the CLI contract and never re-implements slugging, `replaces` archiving, lineage, collision suffixes, or index regen",
          "verified": {
            "digest": "08ffd34819365da145ab6536764117600151de2829cd6bf0649d21b860fe5c54",
            "sha": "f126f32fd40a217a0bff7f8ccb80a9bd79d0144b"
          }
        },
        {
          "anchor": "README.md#sandman",
          "enforced_by": null,
          "id": "sandman",
          "kind": "invariant",
          "resolved": "README.md:1",
          "text": "one config point — the data root is `$SANDMAN_ROOT`, else `~/.sandman`; nothing outside `src/paths.rs` names it",
          "verified": {
            "digest": null,
            "sha": "f126f32fd40a217a0bff7f8ccb80a9bd79d0144b"
          }
        }
      ],
      "commands": {
        "lint": "cargo clippy --all-targets -- -D warnings && cargo fmt --check",
        "test": "cargo test"
      },
      "contains": [
        "src",
        "tests"
      ],
      "declared": {
        "allow": [],
        "decided_by": [],
        "depends": []
      },
      "extracted": {
        "imports": []
      },
      "id": "/",
      "kind": "system",
      "purpose": "sandman — memory engine for Claude sessions (banks, session archiving, the dream and reflect passes); a zero-dependency Rust CLI driven by Claude Code hooks and a nightly tick."
    },
    "src": {
      "budget": null,
      "claims": [
        {
          "anchor": "lm:queue-definition",
          "enforced_by": null,
          "id": "queue-definition",
          "kind": "invariant",
          "resolved": "src/verbs/dream.rs:340",
          "text": "dream owns what \"queued\" means — every reader of the queue goes through `dream::depth` / `dream::pending`, which count only undreamed pointers; nothing counts `.recent/*.json` off disk for itself. Take's dream trigger drifted from the run this way: spent pointers inflated the depth, so every ending past the tenth spawned a dream with nothing to route",
          "verified": {
            "digest": "4eafe897ac57350cea644152f5814d6f3aa2a2ded413528fb02e5b870b06d7f1",
            "sha": "f126f32fd40a217a0bff7f8ccb80a9bd79d0144b"
          }
        },
        {
          "anchor": "lm:resume-is-not-an-ending",
          "enforced_by": null,
          "id": "resume-is-not-an-ending",
          "kind": "hazard",
          "resolved": "src/cli.rs:239",
          "text": "a `SessionEnd` carrying reason `resume` is a beginning, not an ending — Claude Code fires it on the session it is adopting, so `take --hook` declines it. Forcing there moves the transcript out from under the turn about to append to it; Claude Code recreates the file, the next ending takes that live fragment too, and `.recent/<sid>.json` is overwritten to name the stub while the whole conversation sits orphaned in the archive",
          "verified": {
            "digest": "b218a3e87abd3b063ee685def6dd325328e1455eb28571085a2891c4adc81b8e",
            "sha": "f126f32fd40a217a0bff7f8ccb80a9bd79d0144b"
          }
        }
      ],
      "commands": {},
      "contains": [],
      "declared": {
        "allow": [],
        "decided_by": [],
        "depends": []
      },
      "extracted": {
        "imports": []
      },
      "id": "src",
      "kind": "container",
      "purpose": "crate source — lib + `sandman` bin; `commit.rs` is the format authority (lock, `_archive`, collisions, index regen), landmark in lib.rs; `cli.rs` dispatches `verbs/`; `mind.rs` is the only model call"
    },
    "tests": {
      "budget": null,
      "claims": [],
      "commands": {},
      "contains": [],
      "declared": {
        "allow": [],
        "decided_by": [],
        "depends": []
      },
      "extracted": {
        "imports": []
      },
      "id": "tests",
      "kind": "container",
      "purpose": "integration tests — `cli.rs` drives the built binary against a temp $HOME/$SANDMAN_ROOT; `real_banks.rs` round-trips the operator's live banks read-only (ignored by default, `cargo test -- --ignored`)"
    }
  },
  "version": 1
}
